<Solution>
  <Configurations>
    <Platform Name="Win32" />
  </Configurations>
  <Project Path="src/utils/utils.vcxproj" />
  <Project Path="src/framework/framework.vcxproj" />
  <Project Path="src/lod114d/d2bs.vcxproj" />
  <Project Path="tests/framework/framework_tests.vcxproj" />
  <Folder Name="/Solution Items/">
    <File Path="CLAUDE.md" />
  </Folder>
  <Folder Name="/docs/" />
</Solution>
